{
  "name": "music-road-listening-lab",
  "version": "1.0.0",
  "lockfileVersion": 3,
  "requires": true,
  "packages": {
    "": {
      "name": "music-road-listening-lab",
      "version": "1.0.0",
      "dependencies": {
        "@mediapipe/tasks-audio": "0.10.35"
      }
    },
    "node_modules/@mediapipe/tasks-audio": {
      "version": "0.10.35",
      "resolved": "https://registry.npmjs.org/@mediapipe/tasks-audio/-/tasks-audio-0.10.35.tgz",
      "integrity": "sha512-oPo87QnkPXYFnEqRsUd/yrO//nXacCLrg5tz2oedsbqYx7Anf8XlMLQYN0glUr64Fua/CfzZWPssbq/Dt12lAw=="
    }
  }
}
